{
  "name": "customers",
  "version": "1.0.0",
  "lockfileVersion": 1,
  "requires": true,
  "dependencies": {
    "cardify2": {
      "version": "1.0.1",
      "resolved": "https://registry.npmjs.org/cardify2/-/cardify2-1.0.1.tgz",
      "integrity": "sha512-F6li0FO+6Q4KUe0UzgSxzp98FrwszbuOjAHUsCtrAeLV9eqHoDXj8/pLRUqankkQ8Ndjm8MV1TBOugVdps/YlA==",
      "requires": {
        "jquery": "3.3.1",
        "npm-demo-pkg": "2.0.0"
      }
    },
    "colors": {
      "version": "1.3.1",
      "resolved": "https://registry.npmjs.org/colors/-/colors-1.3.1.tgz",
      "integrity": "sha512-jg/vxRmv430jixZrC+La5kMbUWqIg32/JsYNZb94+JEmzceYbWKTsv1OuTp+7EaqiaWRR2tPcykibwCRgclIsw=="
    },
    "jquery": {
      "version": "3.3.1",
      "resolved": "https://registry.npmjs.org/jquery/-/jquery-3.3.1.tgz",
      "integrity": "sha512-Ubldcmxp5np52/ENotGxlLe6aGMvmF4R8S6tZjsP6Knsaxd/xp3Zrh50cG93lR6nPXyUFwzN3ZSOQI0wRJNdGg=="
    },
    "npm-demo-pkg": {
      "version": "2.0.0",
      "resolved": "https://registry.npmjs.org/npm-demo-pkg/-/npm-demo-pkg-2.0.0.tgz",
      "integrity": "sha1-QmCLSVyGVxrycZ/GH/uSlQuElpo=",
      "requires": {
        "colors": "1.3.1"
      }
    }
  }
}
